
Microsoft Visual Studio Solution File, Format Version 12.00
# Visual Studio Version 16
VisualStudioVersion = 16.0.30804.86
MinimumVisualStudioVersion = 10.0.40219.1
Project("{FAE04EC0-301F-11D3-BF4B-00C04F79EFBC}") = "Ocelot.Demo", "Ocelot.Demo\Ocelot.Demo.csproj", "{7B080BD0-441F-469A-9C50-EF7DE5EC76A0}"
EndProject
Project("{FAE04EC0-301F-11D3-BF4B-00C04F79EFBC}") = "Ocelot.Api", "Ocelot.Api\Ocelot.Api.csproj", "{2CADEABA-8C13-40C8-B0B3-E2FEDD63EC5F}"
EndProject
Project("{FAE04EC0-301F-11D3-BF4B-00C04F79EFBC}") = "IdentityServer", "IdentityServer\IdentityServer.csproj", "{7391ED70-153C-4F6C-82FB-907F3FC68AF1}"
EndProject
Global
	GlobalSection(SolutionConfigurationPlatforms) = preSolution
		Debug|Any CPU = Debug|Any CPU
		Release|Any CPU = Release|Any CPU
	EndGlobalSection
	GlobalSection(ProjectConfigurationPlatforms) = postSolution
		{7B080BD0-441F-469A-9C50-EF7DE5EC76A0}.Debug|Any CPU.ActiveCfg = Debug|Any CPU
		{7B080BD0-441F-469A-9C50-EF7DE5EC76A0}.Debug|Any CPU.Build.0 = Debug|Any CPU
		{7B080BD0-441F-469A-9C50-EF7DE5EC76A0}.Release|Any CPU.ActiveCfg = Release|Any CPU
		{7B080BD0-441F-469A-9C50-EF7DE5EC76A0}.Release|Any CPU.Build.0 = Release|Any CPU
		{2CADEABA-8C13-40C8-B0B3-E2FEDD63EC5F}.Debug|Any CPU.ActiveCfg = Debug|Any CPU
		{2CADEABA-8C13-40C8-B0B3-E2FEDD63EC5F}.Debug|Any CPU.Build.0 = Debug|Any CPU
		{2CADEABA-8C13-40C8-B0B3-E2FEDD63EC5F}.Release|Any CPU.ActiveCfg = Release|Any CPU
		{2CADEABA-8C13-40C8-B0B3-E2FEDD63EC5F}.Release|Any CPU.Build.0 = Release|Any CPU
		{7391ED70-153C-4F6C-82FB-907F3FC68AF1}.Debug|Any CPU.ActiveCfg = Debug|Any CPU
		{7391ED70-153C-4F6C-82FB-907F3FC68AF1}.Debug|Any CPU.Build.0 = Debug|Any CPU
		{7391ED70-153C-4F6C-82FB-907F3FC68AF1}.Release|Any CPU.ActiveCfg = Release|Any CPU
		{7391ED70-153C-4F6C-82FB-907F3FC68AF1}.Release|Any CPU.Build.0 = Release|Any CPU
	EndGlobalSection
	GlobalSection(SolutionProperties) = preSolution
		HideSolutionNode = FALSE
	EndGlobalSection
	GlobalSection(ExtensibilityGlobals) = postSolution
		SolutionGuid = {87F3B5F2-8DB0-454E-B4F1-CC5E6BABFE3F}
	EndGlobalSection
EndGlobal
